// !$*UTF8*$!
{
	archiveVersion = 1;
	classes = {
	};
	objectVersion = 55;
	objects = {

/* Begin PBXBuildFile section */
		B1298F1B285400FF0044D053 /* UserDefaultString.swift in Sources */ = {isa = PBXBuildFile; fileRef = B1298F1A285400FF0044D053 /* UserDefaultString.swift */; };
		B13F691B27D47E0E00CCF605 /* Colors.swift in Sources */ = {isa = PBXBuildFile; fileRef = B13F691A27D47E0E00CCF605 /* Colors.swift */; };
		B176268727BCC70E00F05028 /* PushUpCountViewController.swift in Sources */ = {isa = PBXBuildFile; fileRef = B176268627BCC70E00F05028 /* PushUpCountViewController.swift */; };
		B17C0A2127D95000005D39EB /* CustomAlert.swift in Sources */ = {isa = PBXBuildFile; fileRef = B17C0A2027D95000005D39EB /* CustomAlert.swift */; };
		B191090427CDF30D004200A6 /* AppControl.swift in Sources */ = {isa = PBXBuildFile; fileRef = B191090327CDF30D004200A6 /* AppControl.swift */; };
		B191090627CF1EB2004200A6 /* Alert.swift in Sources */ = {isa = PBXBuildFile; fileRef = B191090527CF1EB2004200A6 /* Alert.swift */; };
		B19A71E72857E0B300180560 /* DateManagement.swift in Sources */ = {isa = PBXBuildFile; fileRef = B19A71E62857E0B300180560 /* DateManagement.swift */; };
		B1A3D7F22857094200621D9B /* LocalTime.swift in Sources */ = {isa = PBXBuildFile; fileRef = B1A3D7F12857094200621D9B /* LocalTime.swift */; };
		B1BC970A27BA0FA200A8DED5 /* AppDelegate.swift in Sources */ = {isa = PBXBuildFile; fileRef = B1BC970927BA0FA200A8DED5 /* AppDelegate.swift */; };
		B1BC970C27BA0FA200A8DED5 /* SceneDelegate.swift in Sources */ = {isa = PBXBuildFile; fileRef = B1BC970B27BA0FA200A8DED5 /* SceneDelegate.swift */; };
		B1BC970E27BA0FA200A8DED5 /* MainViewController.swift in Sources */ = {isa = PBXBuildFile; fileRef = B1BC970D27BA0FA200A8DED5 /* MainViewController.swift */; };
		B1BC971327BA0FA400A8DED5 /* Assets.xcassets in Resources */ = {isa = PBXBuildFile; fileRef = B1BC971227BA0FA400A8DED5 /* Assets.xcassets */; };
		B1BC971627BA0FA400A8DED5 /* LaunchScreen.storyboard in Resources */ = {isa = PBXBuildFile; fileRef = B1BC971427BA0FA400A8DED5 /* LaunchScreen.storyboard */; };
/* End PBXBuildFile section */

/* Begin PBXFileReference section */
		B1298F1A285400FF0044D053 /* UserDefaultString.swift */ = {isa = PBXFileReference; lastKnownFileType = sourcecode.swift; path = UserDefaultString.swift; sourceTree = "<group>"; };
		B13F691A27D47E0E00CCF605 /* Colors.swift */ = {isa = PBXFileReference; lastKnownFileType = sourcecode.swift; path = Colors.swift; sourceTree = "<group>"; };
		B176268627BCC70E00F05028 /* PushUpCountViewController.swift */ = {isa = PBXFileReference; lastKnownFileType = sourcecode.swift; path = PushUpCountViewController.swift; sourceTree = "<group>"; };
		B17C0A2027D95000005D39EB /* CustomAlert.swift */ = {isa = PBXFileReference; lastKnownFileType = sourcecode.swift; path = CustomAlert.swift; sourceTree = "<group>"; };
		B191090327CDF30D004200A6 /* AppControl.swift */ = {isa = PBXFileReference; lastKnownFileType = sourcecode.swift; path = AppControl.swift; sourceTree = "<group>"; };
		B191090527CF1EB2004200A6 /* Alert.swift */ = {isa = PBXFileReference; lastKnownFileType = sourcecode.swift; path = Alert.swift; sourceTree = "<group>"; };
		B19A71E62857E0B300180560 /* DateManagement.swift */ = {isa = PBXFileReference; lastKnownFileType = sourcecode.swift; path = DateManagement.swift; sourceTree = "<group>"; };
		B1A3D7F12857094200621D9B /* LocalTime.swift */ = {isa = PBXFileReference; lastKnownFileType = sourcecode.swift; path = LocalTime.swift; sourceTree = "<group>"; };
		B1BC970627BA0FA200A8DED5 /* PushUpChallenge.app */ = {isa = PBXFileReference; explicitFileType = wrapper.application; includeInIndex = 0; path = PushUpChallenge.app; sourceTree = BUILT_PRODUCTS_DIR; };
		B1BC970927BA0FA200A8DED5 /* AppDelegate.swift */ = {isa = PBXFileReference; lastKnownFileType = sourcecode.swift; path = AppDelegate.swift; sourceTree = "<group>"; };
		B1BC970B27BA0FA200A8DED5 /* SceneDelegate.swift */ = {isa = PBXFileReference; lastKnownFileType = sourcecode.swift; path = SceneDelegate.swift; sourceTree = "<group>"; };
		B1BC970D27BA0FA200A8DED5 /* MainViewController.swift */ = {isa = PBXFileReference; lastKnownFileType = sourcecode.swift; path = MainViewController.swift; sourceTree = "<group>"; };
		B1BC971227BA0FA400A8DED5 /* Assets.xcassets */ = {isa = PBXFileReference; lastKnownFileType = folder.assetcatalog; path = Assets.xcassets; sourceTree = "<group>"; };
		B1BC971527BA0FA400A8DED5 /* Base */ = {isa = PBXFileReference; lastKnownFileType = file.storyboard; name = Base; path = Base.lproj/LaunchScreen.storyboard; sourceTree = "<group>"; };
		B1BC971727BA0FA400A8DED5 /* Info.plist */ = {isa = PBXFileReference; lastKnownFileType = text.plist.xml; path = Info.plist; sourceTree = "<group>"; };
/* End PBXFileReference section */

/* Begin PBXFrameworksBuildPhase section */
		B1BC970327BA0FA200A8DED5 /* Frameworks */ = {
			isa = PBXFrameworksBuildPhase;
			buildActionMask = 2147483647;
			files = (
			);
			runOnlyForDeploymentPostprocessing = 0;
		};
/* End PBXFrameworksBuildPhase section */

/* Begin PBXGroup section */
		B17C0A1F27D90A8D005D39EB /* Support */ = {
			isa = PBXGroup;
			children = (
				B19A71E62857E0B300180560 /* DateManagement.swift */,
				B1A3D7F12857094200621D9B /* LocalTime.swift */,
				B1298F1A285400FF0044D053 /* UserDefaultString.swift */,
				B13F691A27D47E0E00CCF605 /* Colors.swift */,
				B1BC970B27BA0FA200A8DED5 /* SceneDelegate.swift */,
				B1BC970927BA0FA200A8DED5 /* AppDelegate.swift */,
				B1BC971227BA0FA400A8DED5 /* Assets.xcassets */,
				B1BC971427BA0FA400A8DED5 /* LaunchScreen.storyboard */,
			);
			path = Support;
			sourceTree = "<group>";
		};
		B18A5BA627DFC17700D1B0D4 /* Alerts */ = {
			isa = PBXGroup;
			children = (
				B191090527CF1EB2004200A6 /* Alert.swift */,
				B17C0A2027D95000005D39EB /* CustomAlert.swift */,
			);
			path = Alerts;
			sourceTree = "<group>";
		};
		B18A5BA727DFC19700D1B0D4 /* View */ = {
			isa = PBXGroup;
			children = (
				B18A5BA627DFC17700D1B0D4 /* Alerts */,
			);
			path = View;
			sourceTree = "<group>";
		};
		B1B7D61E27CF4D2D00AAFDA1 /* Controller */ = {
			isa = PBXGroup;
			children = (
				B191090327CDF30D004200A6 /* AppControl.swift */,
				B1BC970D27BA0FA200A8DED5 /* MainViewController.swift */,
				B176268627BCC70E00F05028 /* PushUpCountViewController.swift */,
			);
			path = Controller;
			sourceTree = "<group>";
		};
		B1BC96FD27BA0FA100A8DED5 = {
			isa = PBXGroup;
			children = (
				B1BC970827BA0FA200A8DED5 /* PushUpChallenge */,
				B1BC970727BA0FA200A8DED5 /* Products */,
			);
			sourceTree = "<group>";
		};
		B1BC970727BA0FA200A8DED5 /* Products */ = {
			isa = PBXGroup;
			children = (
				B1BC970627BA0FA200A8DED5 /* PushUpChallenge.app */,
			);
			name = Products;
			sourceTree = "<group>";
		};
		B1BC970827BA0FA200A8DED5 /* PushUpChallenge */ = {
			isa = PBXGroup;
			children = (
				B18A5BA727DFC19700D1B0D4 /* View */,
				B1B7D61E27CF4D2D00AAFDA1 /* Controller */,
				B17C0A1F27D90A8D005D39EB /* Support */,
				B1BC971727BA0FA400A8DED5 /* Info.plist */,
			);
			path = PushUpChallenge;
			sourceTree = "<group>";
		};
/* End PBXGroup section */

/* Begin PBXNativeTarget section */
		B1BC970527BA0FA200A8DED5 /* PushUpChallenge */ = {
			isa = PBXNativeTarget;
			buildConfigurationList = B1BC971A27BA0FA400A8DED5 /* Build configuration list for PBXNativeTarget "PushUpChallenge" */;
			buildPhases = (
				B1BC970227BA0FA200A8DED5 /* Sources */,
				B1BC970327BA0FA200A8DED5 /* Frameworks */,
				B1BC970427BA0FA200A8DED5 /* Resources */,
			);
			buildRules = (
			);
			dependencies = (
			);
			name = PushUpChallenge;
			productName = PushUpChallenge;
			productReference = B1BC970627BA0FA200A8DED5 /* PushUpChallenge.app */;
			productType = "com.apple.product-type.application";
		};
/* End PBXNativeTarget section */

/* Begin PBXProject section */
		B1BC96FE27BA0FA100A8DED5 /* Project object */ = {
			isa = PBXProject;
			attributes = {
				BuildIndependentTargetsInParallel = 1;
				LastSwiftUpdateCheck = 1320;
				LastUpgradeCheck = 1320;
				TargetAttributes = {
					B1BC970527BA0FA200A8DED5 = {
						CreatedOnToolsVersion = 13.2.1;
					};
				};
			};
			buildConfigurationList = B1BC970127BA0FA100A8DED5 /* Build configuration list for PBXProject "PushUpChallenge" */;
			compatibilityVersion = "Xcode 13.0";
			developmentRegion = en;
			hasScannedForEncodings = 0;
			knownRegions = (
				en,
				Base,
			);
			mainGroup = B1BC96FD27BA0FA100A8DED5;
			productRefGroup = B1BC970727BA0FA200A8DED5 /* Products */;
			projectDirPath = "";
			projectRoot = "";
			targets = (
				B1BC970527BA0FA200A8DED5 /* PushUpChallenge */,
			);
		};
/* End PBXProject section */

/* Begin PBXResourcesBuildPhase section */
		B1BC970427BA0FA200A8DED5 /* Resources */ = {
			isa = PBXResourcesBuildPhase;
			buildActionMask = 2147483647;
			files = (
				B1BC971627BA0FA400A8DED5 /* LaunchScreen.storyboard in Resources */,
				B1BC971327BA0FA400A8DED5 /* Assets.xcassets in Resources */,
			);
			runOnlyForDeploymentPostprocessing = 0;
		};
/* End PBXResourcesBuildPhase section */

/* Begin PBXSourcesBuildPhase section */
		B1BC970227BA0FA200A8DED5 /* Sources */ = {
			isa = PBXSourcesBuildPhase;
			buildActionMask = 2147483647;
			files = (
				B1298F1B285400FF0044D053 /* UserDefaultString.swift in Sources */,
				B1BC970E27BA0FA200A8DED5 /* MainViewController.swift in Sources */,
				B1BC970A27BA0FA200A8DED5 /* AppDelegate.swift in Sources */,
				B1BC970C27BA0FA200A8DED5 /* SceneDelegate.swift in Sources */,
				B13F691B27D47E0E00CCF605 /* Colors.swift in Sources */,
				B176268727BCC70E00F05028 /* PushUpCountViewController.swift in Sources */,
				B1A3D7F22857094200621D9B /* LocalTime.swift in Sources */,
				B191090427CDF30D004200A6 /* AppControl.swift in Sources */,
				B191090627CF1EB2004200A6 /* Alert.swift in Sources */,
				B17C0A2127D95000005D39EB /* CustomAlert.swift in Sources */,
				B19A71E72857E0B300180560 /* DateManagement.swift in Sources */,
			);
			runOnlyForDeploymentPostprocessing = 0;
		};
/* End PBXSourcesBuildPhase section */

/* Begin PBXVariantGroup section */
		B1BC971427BA0FA400A8DED5 /* LaunchScreen.storyboard */ = {
			isa = PBXVariantGroup;
			children = (
				B1BC971527BA0FA400A8DED5 /* Base */,
			);
			name = LaunchScreen.storyboard;
			sourceTree = "<group>";
		};
/* End PBXVariantGroup section */

/* Begin XCBuildConfiguration section */
		B1BC971827BA0FA400A8DED5 /* Debug */ = {
			isa = XCBuildConfiguration;
			buildSettings = {
				ALWAYS_SEARCH_USER_PATHS = NO;
				CLANG_ANALYZER_NONNULL = YES;
				CLANG_ANALYZER_NUMBER_OBJECT_CONVERSION = YES_AGGRESSIVE;
				CLANG_CXX_LANGUAGE_STANDARD = "gnu++17";
				CLANG_CXX_LIBRARY = "libc++";
				CLANG_ENABLE_MODULES = YES;
				CLANG_ENABLE_OBJC_ARC = YES;
				CLANG_ENABLE_OBJC_WEAK = YES;
				CLANG_WARN_BLOCK_CAPTURE_AUTORELEASING = YES;
				CLANG_WARN_BOOL_CONVERSION = YES;
				CLANG_WARN_COMMA = YES;
				CLANG_WARN_CONSTANT_CONVERSION = YES;
				CLANG_WARN_DEPRECATED_OBJC_IMPLEMENTATIONS = YES;
				CLANG_WARN_DIRECT_OBJC_ISA_USAGE = YES_ERROR;
				CLANG_WARN_DOCUMENTATION_COMMENTS = YES;
				CLANG_WARN_EMPTY_BODY = YES;
				CLANG_WARN_ENUM_CONVERSION = YES;
				CLANG_WARN_INFINITE_RECURSION = YES;
				CLANG_WARN_INT_CONVERSION = YES;
				CLANG_WARN_NON_LITERAL_NULL_CONVERSION = YES;
				CLANG_WARN_OBJC_IMPLICIT_RETAIN_SELF = YES;
				CLANG_WARN_OBJC_LITERAL_CONVERSION = YES;
				CLANG_WARN_OBJC_ROOT_CLASS = YES_ERROR;
				CLANG_WARN_QUOTED_INCLUDE_IN_FRAMEWORK_HEADER = YES;
				CLANG_WARN_RANGE_LOOP_ANALYSIS = YES;
				CLANG_WARN_STRICT_PROTOTYPES = YES;
				CLANG_WARN_SUSPICIOUS_MOVE = YES;
				CLANG_WARN_UNGUARDED_AVAILABILITY = YES_AGGRESSIVE;
				CLANG_WARN_UNREACHABLE_CODE = YES;
				CLANG_WARN__DUPLICATE_METHOD_MATCH = YES;
				COPY_PHASE_STRIP = NO;
				DEBUG_INFORMATION_FORMAT = dwarf;
				ENABLE_STRICT_OBJC_MSGSEND = YES;
				ENABLE_TESTABILITY = YES;
				GCC_C_LANGUAGE_STANDARD = gnu11;
				GCC_DYNAMIC_NO_PIC = NO;
				GCC_NO_COMMON_BLOCKS = YES;
				GCC_OPTIMIZATION_LEVEL = 0;
				GCC_PREPROCESSOR_DEFINITIONS = (
					"DEBUG=1",
					"$(inherited)",
				);
				GCC_WARN_64_TO_32_BIT_CONVERSION = YES;
				GCC_WARN_ABOUT_RETURN_TYPE = YES_ERROR;
				GCC_WARN_UNDECLARED_SELECTOR = YES;
				GCC_WARN_UNINITIALIZED_AUTOS = YES_AGGRESSIVE;
				GCC_WARN_UNUSED_FUNCTION = YES;
				GCC_WARN_UNUSED_VARIABLE = YES;
				IPHONEOS_DEPLOYMENT_TARGET = 15.2;
				MTL_ENABLE_DEBUG_INFO = INCLUDE_SOURCE;
				MTL_FAST_MATH = YES;
				ONLY_ACTIVE_ARCH = YES;
				SDKROOT = iphoneos;
				SWIFT_ACTIVE_COMPILATION_CONDITIONS = DEBUG;
				SWIFT_OPTIMIZATION_LEVEL = "-Onone";
			};
			name = Debug;
		};
		B1BC971927BA0FA400A8DED5 /* Release */ = {
			isa = XCBuildConfiguration;
			buildSettings = {
				ALWAYS_SEARCH_USER_PATHS = NO;
				CLANG_ANALYZER_NONNULL = YES;
				CLANG_ANALYZER_NUMBER_OBJECT_CONVERSION = YES_AGGRESSIVE;
				CLANG_CXX_LANGUAGE_STANDARD = "gnu++17";
				CLANG_CXX_LIBRARY = "libc++";
				CLANG_ENABLE_MODULES = YES;
				CLANG_ENABLE_OBJC_ARC = YES;
				CLANG_ENABLE_OBJC_WEAK = YES;
				CLANG_WARN_BLOCK_CAPTURE_AUTORELEASING = YES;
				CLANG_WARN_BOOL_CONVERSION = YES;
				CLANG_WARN_COMMA = YES;
				CLANG_WARN_CONSTANT_CONVERSION = YES;
				CLANG_WARN_DEPRECATED_OBJC_IMPLEMENTATIONS = YES;
				CLANG_WARN_DIRECT_OBJC_ISA_USAGE = YES_ERROR;
				CLANG_WARN_DOCUMENTATION_COMMENTS = YES;
				CLANG_WARN_EMPTY_BODY = YES;
				CLANG_WARN_ENUM_CONVERSION = YES;
				CLANG_WARN_INFINITE_RECURSION = YES;
				CLANG_WARN_INT_CONVERSION = YES;
				CLANG_WARN_NON_LITERAL_NULL_CONVERSION = YES;
				CLANG_WARN_OBJC_IMPLICIT_RETAIN_SELF = YES;
				CLANG_WARN_OBJC_LITERAL_CONVERSION = YES;
				CLANG_WARN_OBJC_ROOT_CLASS = YES_ERROR;
				CLANG_WARN_QUOTED_INCLUDE_IN_FRAMEWORK_HEADER = YES;
				CLANG_WARN_RANGE_LOOP_ANALYSIS = YES;
				CLANG_WARN_STRICT_PROTOTYPES = YES;
				CLANG_WARN_SUSPICIOUS_MOVE = YES;
				CLANG_WARN_UNGUARDED_AVAILABILITY = YES_AGGRESSIVE;
				CLANG_WARN_UNREACHABLE_CODE = YES;
				CLANG_WARN__DUPLICATE_METHOD_MATCH = YES;
				COPY_PHASE_STRIP = NO;
				DEBUG_INFORMATION_FORMAT = "dwarf-with-dsym";
				ENABLE_NS_ASSERTIONS = NO;
				ENABLE_STRICT_OBJC_MSGSEND = YES;
				GCC_C_LANGUAGE_STANDARD = gnu11;
				GCC_NO_COMMON_BLOCKS = YES;
				GCC_WARN_64_TO_32_BIT_CONVERSION = YES;
				GCC_WARN_ABOUT_RETURN_TYPE = YES_ERROR;
				GCC_WARN_UNDECLARED_SELECTOR = YES;
				GCC_WARN_UNINITIALIZED_AUTOS = YES_AGGRESSIVE;
				GCC_WARN_UNUSED_FUNCTION = YES;
				GCC_WARN_UNUSED_VARIABLE = YES;
				IPHONEOS_DEPLOYMENT_TARGET = 15.2;
				MTL_ENABLE_DEBUG_INFO = NO;
				MTL_FAST_MATH = YES;
				SDKROOT = iphoneos;
				SWIFT_COMPILATION_MODE = wholemodule;
				SWIFT_OPTIMIZATION_LEVEL = "-O";
				VALIDATE_PRODUCT = YES;
			};
			name = Release;
		};
		B1BC971B27BA0FA400A8DED5 /* Debug */ = {
			isa = XCBuildConfiguration;
			buildSettings = {
				ASSETCATALOG_COMPILER_APPICON_NAME = AppIcon;
				ASSETCATALOG_COMPILER_GLOBAL_ACCENT_COLOR_NAME = AccentColor;
				CODE_SIGN_STYLE = Automatic;
				CURRENT_PROJECT_VERSION = 6;
				DEVELOPMENT_TEAM = 6UY9XT6W64;
				GENERATE_INFOPLIST_FILE = YES;
				INFOPLIST_FILE = PushUpChallenge/Info.plist;
				INFOPLIST_KEY_CFBundleDisplayName = "30 Days Push Up Challange";
				INFOPLIST_KEY_UIApplicationSupportsIndirectInputEvents = YES;
				INFOPLIST_KEY_UILaunchStoryboardName = LaunchScreen;
				INFOPLIST_KEY_UIRequiresFullScreen = YES;
				INFOPLIST_KEY_UISupportedInterfaceOrientations = UIInterfaceOrientationPortrait;
				INFOPLIST_KEY_UISupportedInterfaceOrientations_iPad = "UIInterfaceOrientationPortrait UIInterfaceOrientationPortraitUpsideDown UIInterfaceOrientationLandscapeLeft UIInterfaceOrientationLandscapeRight";
				INFOPLIST_KEY_UISupportedInterfaceOrientations_iPhone = "UIInterfaceOrientationPortrait UIInterfaceOrientationLandscapeLeft UIInterfaceOrientationLandscapeRight";
				LD_RUNPATH_SEARCH_PATHS = (
					"$(inherited)",
					"@executable_path/Frameworks",
				);
				MARKETING_VERSION = 0.1.0;
				PRODUCT_BUNDLE_IDENTIFIER = com.mutluaydin.PushUpChallenge;
				PRODUCT_NAME = "$(TARGET_NAME)";
				SWIFT_EMIT_LOC_STRINGS = YES;
				SWIFT_VERSION = 5.0;
				TARGETED_DEVICE_FAMILY = "1,2";
			};
			name = Debug;
		};
		B1BC971C27BA0FA400A8DED5 /* Release */ = {
			isa = XCBuildConfiguration;
			buildSettings = {
				ASSETCATALOG_COMPILER_APPICON_NAME = AppIcon;
				ASSETCATALOG_COMPILER_GLOBAL_ACCENT_COLOR_NAME = AccentColor;
				CODE_SIGN_STYLE = Automatic;
				CURRENT_PROJECT_VERSION = 6;
				DEVELOPMENT_TEAM = 6UY9XT6W64;
				GENERATE_INFOPLIST_FILE = YES;
				INFOPLIST_FILE = PushUpChallenge/Info.plist;
				INFOPLIST_KEY_CFBundleDisplayName = "30 Days Push Up Challange";
				INFOPLIST_KEY_UIApplicationSupportsIndirectInputEvents = YES;
				INFOPLIST_KEY_UILaunchStoryboardName = LaunchScreen;
				INFOPLIST_KEY_UIRequiresFullScreen = YES;
				INFOPLIST_KEY_UISupportedInterfaceOrientations = UIInterfaceOrientationPortrait;
				INFOPLIST_KEY_UISupportedInterfaceOrientations_iPad = "UIInterfaceOrientationPortrait UIInterfaceOrientationPortraitUpsideDown UIInterfaceOrientationLandscapeLeft UIInterfaceOrientationLandscapeRight";
				INFOPLIST_KEY_UISupportedInterfaceOrientations_iPhone = "UIInterfaceOrientationPortrait UIInterfaceOrientationLandscapeLeft UIInterfaceOrientationLandscapeRight";
				LD_RUNPATH_SEARCH_PATHS = (
					"$(inherited)",
					"@executable_path/Frameworks",
				);
				MARKETING_VERSION = 0.1.0;
				PRODUCT_BUNDLE_IDENTIFIER = com.mutluaydin.PushUpChallenge;
				PRODUCT_NAME = "$(TARGET_NAME)";
				SWIFT_EMIT_LOC_STRINGS = YES;
				SWIFT_VERSION = 5.0;
				TARGETED_DEVICE_FAMILY = "1,2";
			};
			name = Release;
		};
/* End XCBuildConfiguration section */

/* Begin XCConfigurationList section */
		B1BC970127BA0FA100A8DED5 /* Build configuration list for PBXProject "PushUpChallenge" */ = {
			isa = XCConfigurationList;
			buildConfigurations = (
				B1BC971827BA0FA400A8DED5 /* Debug */,
				B1BC971927BA0FA400A8DED5 /* Release */,
			);
			defaultConfigurationIsVisible = 0;
			defaultConfigurationName = Release;
		};
		B1BC971A27BA0FA400A8DED5 /* Build configuration list for PBXNativeTarget "PushUpChallenge" */ = {
			isa = XCConfigurationList;
			buildConfigurations = (
				B1BC971B27BA0FA400A8DED5 /* Debug */,
				B1BC971C27BA0FA400A8DED5 /* Release */,
			);
			defaultConfigurationIsVisible = 0;
			defaultConfigurationName = Release;
		};
/* End XCConfigurationList section */
	};
	rootObject = B1BC96FE27BA0FA100A8DED5 /* Project object */;
}
